
Microsoft Visual Studio Solution File, Format Version 12.00
# Visual Studio Version 16
VisualStudioVersion = 16.0.30002.166
MinimumVisualStudioVersion = 10.0.40219.1
Project("{FAE04EC0-301F-11D3-BF4B-00C04F79EFBC}") = "OOP_lab_2_4_2", "OOP_lab_2_4_2\OOP_lab_2_4_2.csproj", "{A7C81721-DFC4-4920-BF02-3CF3E0D799F4}"
EndProject
Project("{2150E333-8FDC-42A3-9474-1A3956D46DE8}") = "Solution Items", "Solution Items", "{0F5E0CA7-90FF-418D-9B31-33CFFADCB58D}"
	ProjectSection(SolutionItems) = preProject
		.travis.yml = .travis.yml
	EndProjectSection
EndProject
Global
	GlobalSection(SolutionConfigurationPlatforms) = preSolution
		Debug|Any CPU = Debug|Any CPU
		Release|Any CPU = Release|Any CPU
	EndGlobalSection
	GlobalSection(ProjectConfigurationPlatforms) = postSolution
		{A7C81721-DFC4-4920-BF02-3CF3E0D799F4}.Debug|Any CPU.ActiveCfg = Debug|Any CPU
		{A7C81721-DFC4-4920-BF02-3CF3E0D799F4}.Debug|Any CPU.Build.0 = Debug|Any CPU
		{A7C81721-DFC4-4920-BF02-3CF3E0D799F4}.Release|Any CPU.ActiveCfg = Release|Any CPU
		{A7C81721-DFC4-4920-BF02-3CF3E0D799F4}.Release|Any CPU.Build.0 = Release|Any CPU
	EndGlobalSection
	GlobalSection(SolutionProperties) = preSolution
		HideSolutionNode = FALSE
	EndGlobalSection
	GlobalSection(ExtensibilityGlobals) = postSolution
		SolutionGuid = {7513D065-95C4-4C72-AF3C-6BE99C835F67}
	EndGlobalSection
EndGlobal
